
Microsoft Visual Studio Solution File, Format Version 12.00
# Visual Studio 14
VisualStudioVersion = 14.0.25420.1
MinimumVisualStudioVersion = 10.0.40219.1
Project("{8BC9CEB8-8B4A-11D0-8D11-00A0C91BC942}") = "Kernel", "Kernel\Kernel.vcxproj", "{DF1595B2-35F4-4CC7-8155-15278302B317}"
EndProject
Project("{FAE04EC0-301F-11D3-BF4B-00C04F79EFBC}") = "PeMultiboot", "PeMultiboot\PeMultiboot.csproj", "{BD280752-F7FC-40E5-8AAD-BE799883DF56}"
EndProject
Project("{8BC9CEB8-8B4A-11D0-8D11-00A0C91BC942}") = "Serial", "Serial\Serial.vcxproj", "{642B5B53-9664-48E7-85C1-4C8E7D852443}"
EndProject
Project("{8BC9CEB8-8B4A-11D0-8D11-00A0C91BC942}") = "Hello", "Hello\Hello.vcxproj", "{6B6D5B34-15B8-460E-A462-F5FEA824E84B}"
EndProject
Project("{8BC9CEB8-8B4A-11D0-8D11-00A0C91BC942}") = "Hello2", "Hello2\Hello2.vcxproj", "{451DF43A-391F-4DA0-A716-5AF578D26900}"
EndProject
Project("{8BC9CEB8-8B4A-11D0-8D11-00A0C91BC942}") = "XtDll", "XtDll\XtDll.vcxproj", "{537516A2-8488-4162-919D-1D8CAF76E735}"
	ProjectSection(ProjectDependencies) = postProject
		{DF1595B2-35F4-4CC7-8155-15278302B317} = {DF1595B2-35F4-4CC7-8155-15278302B317}
	EndProjectSection
EndProject
Project("{2150E333-8FDC-42A3-9474-1A3956D46DE8}") = "Apps", "Apps", "{B5F5B299-2E3E-4059-AB14-A8BD8F74A133}"
EndProject
Project("{2150E333-8FDC-42A3-9474-1A3956D46DE8}") = "Libs", "Libs", "{686C3F8D-5462-4844-9A87-C24261543438}"
EndProject
Project("{2150E333-8FDC-42A3-9474-1A3956D46DE8}") = "Libs", "Libs", "{40681626-4054-4D47-82B5-93A83A8BB9D5}"
EndProject
Project("{2150E333-8FDC-42A3-9474-1A3956D46DE8}") = "Drivers", "Drivers", "{F41F8B6E-8533-4993-824B-5DF166CF87E2}"
EndProject
Project("{2150E333-8FDC-42A3-9474-1A3956D46DE8}") = "System", "System", "{52D1B538-E53C-4C98-A84F-E0E603184F0C}"
EndProject
Project("{2150E333-8FDC-42A3-9474-1A3956D46DE8}") = "User", "User", "{70169FED-60CC-4F0C-9F9A-AD1499C019CF}"
EndProject
Project("{2150E333-8FDC-42A3-9474-1A3956D46DE8}") = "Tools", "Tools", "{BD1CC94F-239F-4D2A-BFA1-A2501A832463}"
EndProject
Project("{8BC9CEB8-8B4A-11D0-8D11-00A0C91BC942}") = "Vbe", "Vbe\Vbe.vcxproj", "{8267BAF2-312C-4021-A7CD-E5A94C2BBDF5}"
EndProject
Project("{8BC9CEB8-8B4A-11D0-8D11-00A0C91BC942}") = "I8042", "I8042\I8042.vcxproj", "{68C508F0-FF87-4B30-B44F-CCA89775FE3F}"
EndProject
Project("{8BC9CEB8-8B4A-11D0-8D11-00A0C91BC942}") = "RealBlobs", "RealBlobs\RealBlobs.vcxproj", "{F1ABA954-99EF-4BFB-ABBC-E2310C7B6E32}"
EndProject
Global
	GlobalSection(SolutionConfigurationPlatforms) = preSolution
		Debug|Any CPU = Debug|Any CPU
		Debug|x64 = Debug|x64
		Debug|x86 = Debug|x86
		Metal|Any CPU = Metal|Any CPU
		Metal|x64 = Metal|x64
		Metal|x86 = Metal|x86
		Release|Any CPU = Release|Any CPU
		Release|x64 = Release|x64
		Release|x86 = Release|x86
	EndGlobalSection
	GlobalSection(ProjectConfigurationPlatforms) = postSolution
		{DF1595B2-35F4-4CC7-8155-15278302B317}.Debug|Any CPU.ActiveCfg = Debug|Win32
		{DF1595B2-35F4-4CC7-8155-15278302B317}.Debug|x64.ActiveCfg = Debug|x64
		{DF1595B2-35F4-4CC7-8155-15278302B317}.Debug|x64.Build.0 = Debug|x64
		{DF1595B2-35F4-4CC7-8155-15278302B317}.Debug|x86.ActiveCfg = Debug|Win32
		{DF1595B2-35F4-4CC7-8155-15278302B317}.Debug|x86.Build.0 = Debug|Win32
		{DF1595B2-35F4-4CC7-8155-15278302B317}.Metal|Any CPU.ActiveCfg = Metal|Win32
		{DF1595B2-35F4-4CC7-8155-15278302B317}.Metal|x64.ActiveCfg = Metal|x64
		{DF1595B2-35F4-4CC7-8155-15278302B317}.Metal|x64.Build.0 = Metal|x64
		{DF1595B2-35F4-4CC7-8155-15278302B317}.Metal|x86.ActiveCfg = Debug|Win32
		{DF1595B2-35F4-4CC7-8155-15278302B317}.Metal|x86.Build.0 = Debug|Win32
		{DF1595B2-35F4-4CC7-8155-15278302B317}.Release|Any CPU.ActiveCfg = Release|Win32
		{DF1595B2-35F4-4CC7-8155-15278302B317}.Release|x64.ActiveCfg = Release|x64
		{DF1595B2-35F4-4CC7-8155-15278302B317}.Release|x64.Build.0 = Release|x64
		{DF1595B2-35F4-4CC7-8155-15278302B317}.Release|x86.ActiveCfg = Release|Win32
		{DF1595B2-35F4-4CC7-8155-15278302B317}.Release|x86.Build.0 = Release|Win32
		{BD280752-F7FC-40E5-8AAD-BE799883DF56}.Debug|Any CPU.ActiveCfg = Debug|Any CPU
		{BD280752-F7FC-40E5-8AAD-BE799883DF56}.Debug|Any CPU.Build.0 = Debug|Any CPU
		{BD280752-F7FC-40E5-8AAD-BE799883DF56}.Debug|x64.ActiveCfg = Debug|Any CPU
		{BD280752-F7FC-40E5-8AAD-BE799883DF56}.Debug|x64.Build.0 = Debug|Any CPU
		{BD280752-F7FC-40E5-8AAD-BE799883DF56}.Debug|x86.ActiveCfg = Debug|Any CPU
		{BD280752-F7FC-40E5-8AAD-BE799883DF56}.Debug|x86.Build.0 = Debug|Any CPU
		{BD280752-F7FC-40E5-8AAD-BE799883DF56}.Metal|Any CPU.ActiveCfg = Release|Any CPU
		{BD280752-F7FC-40E5-8AAD-BE799883DF56}.Metal|Any CPU.Build.0 = Release|Any CPU
		{BD280752-F7FC-40E5-8AAD-BE799883DF56}.Metal|x64.ActiveCfg = Release|Any CPU
		{BD280752-F7FC-40E5-8AAD-BE799883DF56}.Metal|x64.Build.0 = Release|Any CPU
		{BD280752-F7FC-40E5-8AAD-BE799883DF56}.Metal|x86.ActiveCfg = Release|Any CPU
		{BD280752-F7FC-40E5-8AAD-BE799883DF56}.Metal|x86.Build.0 = Release|Any CPU
		{BD280752-F7FC-40E5-8AAD-BE799883DF56}.Release|Any CPU.ActiveCfg = Release|Any CPU
		{BD280752-F7FC-40E5-8AAD-BE799883DF56}.Release|Any CPU.Build.0 = Release|Any CPU
		{BD280752-F7FC-40E5-8AAD-BE799883DF56}.Release|x64.ActiveCfg = Release|Any CPU
		{BD280752-F7FC-40E5-8AAD-BE799883DF56}.Release|x64.Build.0 = Release|Any CPU
		{BD280752-F7FC-40E5-8AAD-BE799883DF56}.Release|x86.ActiveCfg = Release|Any CPU
		{BD280752-F7FC-40E5-8AAD-BE799883DF56}.Release|x86.Build.0 = Release|Any CPU
		{642B5B53-9664-48E7-85C1-4C8E7D852443}.Debug|Any CPU.ActiveCfg = Debug|Win32
		{642B5B53-9664-48E7-85C1-4C8E7D852443}.Debug|x64.ActiveCfg = Debug|x64
		{642B5B53-9664-48E7-85C1-4C8E7D852443}.Debug|x64.Build.0 = Debug|x64
		{642B5B53-9664-48E7-85C1-4C8E7D852443}.Debug|x86.ActiveCfg = Debug|Win32
		{642B5B53-9664-48E7-85C1-4C8E7D852443}.Debug|x86.Build.0 = Debug|Win32
		{642B5B53-9664-48E7-85C1-4C8E7D852443}.Metal|Any CPU.ActiveCfg = Release|x64
		{642B5B53-9664-48E7-85C1-4C8E7D852443}.Metal|Any CPU.Build.0 = Release|x64
		{642B5B53-9664-48E7-85C1-4C8E7D852443}.Metal|x64.ActiveCfg = Release|x64
		{642B5B53-9664-48E7-85C1-4C8E7D852443}.Metal|x64.Build.0 = Release|x64
		{642B5B53-9664-48E7-85C1-4C8E7D852443}.Metal|x86.ActiveCfg = Debug|Win32
		{642B5B53-9664-48E7-85C1-4C8E7D852443}.Metal|x86.Build.0 = Debug|Win32
		{642B5B53-9664-48E7-85C1-4C8E7D852443}.Release|Any CPU.ActiveCfg = Release|Win32
		{642B5B53-9664-48E7-85C1-4C8E7D852443}.Release|x64.ActiveCfg = Release|x64
		{642B5B53-9664-48E7-85C1-4C8E7D852443}.Release|x64.Build.0 = Release|x64
		{642B5B53-9664-48E7-85C1-4C8E7D852443}.Release|x86.ActiveCfg = Release|Win32
		{642B5B53-9664-48E7-85C1-4C8E7D852443}.Release|x86.Build.0 = Release|Win32
		{6B6D5B34-15B8-460E-A462-F5FEA824E84B}.Debug|Any CPU.ActiveCfg = Debug|Win32
		{6B6D5B34-15B8-460E-A462-F5FEA824E84B}.Debug|x64.ActiveCfg = Debug|x64
		{6B6D5B34-15B8-460E-A462-F5FEA824E84B}.Debug|x64.Build.0 = Debug|x64
		{6B6D5B34-15B8-460E-A462-F5FEA824E84B}.Debug|x86.ActiveCfg = Debug|Win32
		{6B6D5B34-15B8-460E-A462-F5FEA824E84B}.Debug|x86.Build.0 = Debug|Win32
		{6B6D5B34-15B8-460E-A462-F5FEA824E84B}.Metal|Any CPU.ActiveCfg = Release|x64
		{6B6D5B34-15B8-460E-A462-F5FEA824E84B}.Metal|Any CPU.Build.0 = Release|x64
		{6B6D5B34-15B8-460E-A462-F5FEA824E84B}.Metal|x64.ActiveCfg = Release|x64
		{6B6D5B34-15B8-460E-A462-F5FEA824E84B}.Metal|x64.Build.0 = Release|x64
		{6B6D5B34-15B8-460E-A462-F5FEA824E84B}.Metal|x86.ActiveCfg = Debug|Win32
		{6B6D5B34-15B8-460E-A462-F5FEA824E84B}.Metal|x86.Build.0 = Debug|Win32
		{6B6D5B34-15B8-460E-A462-F5FEA824E84B}.Release|Any CPU.ActiveCfg = Release|Win32
		{6B6D5B34-15B8-460E-A462-F5FEA824E84B}.Release|x64.ActiveCfg = Release|x64
		{6B6D5B34-15B8-460E-A462-F5FEA824E84B}.Release|x64.Build.0 = Release|x64
		{6B6D5B34-15B8-460E-A462-F5FEA824E84B}.Release|x86.ActiveCfg = Release|Win32
		{6B6D5B34-15B8-460E-A462-F5FEA824E84B}.Release|x86.Build.0 = Release|Win32
		{451DF43A-391F-4DA0-A716-5AF578D26900}.Debug|Any CPU.ActiveCfg = Debug|Win32
		{451DF43A-391F-4DA0-A716-5AF578D26900}.Debug|x64.ActiveCfg = Debug|x64
		{451DF43A-391F-4DA0-A716-5AF578D26900}.Debug|x64.Build.0 = Debug|x64
		{451DF43A-391F-4DA0-A716-5AF578D26900}.Debug|x86.ActiveCfg = Debug|Win32
		{451DF43A-391F-4DA0-A716-5AF578D26900}.Debug|x86.Build.0 = Debug|Win32
		{451DF43A-391F-4DA0-A716-5AF578D26900}.Metal|Any CPU.ActiveCfg = Release|x64
		{451DF43A-391F-4DA0-A716-5AF578D26900}.Metal|Any CPU.Build.0 = Release|x64
		{451DF43A-391F-4DA0-A716-5AF578D26900}.Metal|x64.ActiveCfg = Release|x64
		{451DF43A-391F-4DA0-A716-5AF578D26900}.Metal|x64.Build.0 = Release|x64
		{451DF43A-391F-4DA0-A716-5AF578D26900}.Metal|x86.ActiveCfg = Debug|Win32
		{451DF43A-391F-4DA0-A716-5AF578D26900}.Metal|x86.Build.0 = Debug|Win32
		{451DF43A-391F-4DA0-A716-5AF578D26900}.Release|Any CPU.ActiveCfg = Release|Win32
		{451DF43A-391F-4DA0-A716-5AF578D26900}.Release|x64.ActiveCfg = Release|x64
		{451DF43A-391F-4DA0-A716-5AF578D26900}.Release|x64.Build.0 = Release|x64
		{451DF43A-391F-4DA0-A716-5AF578D26900}.Release|x86.ActiveCfg = Release|Win32
		{451DF43A-391F-4DA0-A716-5AF578D26900}.Release|x86.Build.0 = Release|Win32
		{537516A2-8488-4162-919D-1D8CAF76E735}.Debug|Any CPU.ActiveCfg = Debug|Win32
		{537516A2-8488-4162-919D-1D8CAF76E735}.Debug|x64.ActiveCfg = Debug|x64
		{537516A2-8488-4162-919D-1D8CAF76E735}.Debug|x64.Build.0 = Debug|x64
		{537516A2-8488-4162-919D-1D8CAF76E735}.Debug|x86.ActiveCfg = Debug|Win32
		{537516A2-8488-4162-919D-1D8CAF76E735}.Debug|x86.Build.0 = Debug|Win32
		{537516A2-8488-4162-919D-1D8CAF76E735}.Metal|Any CPU.ActiveCfg = Release|x64
		{537516A2-8488-4162-919D-1D8CAF76E735}.Metal|Any CPU.Build.0 = Release|x64
		{537516A2-8488-4162-919D-1D8CAF76E735}.Metal|x64.ActiveCfg = Release|x64
		{537516A2-8488-4162-919D-1D8CAF76E735}.Metal|x64.Build.0 = Release|x64
		{537516A2-8488-4162-919D-1D8CAF76E735}.Metal|x86.ActiveCfg = Debug|Win32
		{537516A2-8488-4162-919D-1D8CAF76E735}.Metal|x86.Build.0 = Debug|Win32
		{537516A2-8488-4162-919D-1D8CAF76E735}.Release|Any CPU.ActiveCfg = Release|Win32
		{537516A2-8488-4162-919D-1D8CAF76E735}.Release|x64.ActiveCfg = Release|x64
		{537516A2-8488-4162-919D-1D8CAF76E735}.Release|x64.Build.0 = Release|x64
		{537516A2-8488-4162-919D-1D8CAF76E735}.Release|x86.ActiveCfg = Release|Win32
		{537516A2-8488-4162-919D-1D8CAF76E735}.Release|x86.Build.0 = Release|Win32
		{8267BAF2-312C-4021-A7CD-E5A94C2BBDF5}.Debug|Any CPU.ActiveCfg = Debug|Win32
		{8267BAF2-312C-4021-A7CD-E5A94C2BBDF5}.Debug|x64.ActiveCfg = Debug|x64
		{8267BAF2-312C-4021-A7CD-E5A94C2BBDF5}.Debug|x64.Build.0 = Debug|x64
		{8267BAF2-312C-4021-A7CD-E5A94C2BBDF5}.Debug|x86.ActiveCfg = Debug|Win32
		{8267BAF2-312C-4021-A7CD-E5A94C2BBDF5}.Debug|x86.Build.0 = Debug|Win32
		{8267BAF2-312C-4021-A7CD-E5A94C2BBDF5}.Metal|Any CPU.ActiveCfg = Release|x64
		{8267BAF2-312C-4021-A7CD-E5A94C2BBDF5}.Metal|Any CPU.Build.0 = Release|x64
		{8267BAF2-312C-4021-A7CD-E5A94C2BBDF5}.Metal|x64.ActiveCfg = Release|x64
		{8267BAF2-312C-4021-A7CD-E5A94C2BBDF5}.Metal|x64.Build.0 = Release|x64
		{8267BAF2-312C-4021-A7CD-E5A94C2BBDF5}.Metal|x86.ActiveCfg = Debug|Win32
		{8267BAF2-312C-4021-A7CD-E5A94C2BBDF5}.Metal|x86.Build.0 = Debug|Win32
		{8267BAF2-312C-4021-A7CD-E5A94C2BBDF5}.Release|Any CPU.ActiveCfg = Release|Win32
		{8267BAF2-312C-4021-A7CD-E5A94C2BBDF5}.Release|x64.ActiveCfg = Release|x64
		{8267BAF2-312C-4021-A7CD-E5A94C2BBDF5}.Release|x64.Build.0 = Release|x64
		{8267BAF2-312C-4021-A7CD-E5A94C2BBDF5}.Release|x86.ActiveCfg = Release|Win32
		{8267BAF2-312C-4021-A7CD-E5A94C2BBDF5}.Release|x86.Build.0 = Release|Win32
		{68C508F0-FF87-4B30-B44F-CCA89775FE3F}.Debug|Any CPU.ActiveCfg = Debug|Win32
		{68C508F0-FF87-4B30-B44F-CCA89775FE3F}.Debug|x64.ActiveCfg = Debug|x64
		{68C508F0-FF87-4B30-B44F-CCA89775FE3F}.Debug|x64.Build.0 = Debug|x64
		{68C508F0-FF87-4B30-B44F-CCA89775FE3F}.Debug|x86.ActiveCfg = Debug|Win32
		{68C508F0-FF87-4B30-B44F-CCA89775FE3F}.Debug|x86.Build.0 = Debug|Win32
		{68C508F0-FF87-4B30-B44F-CCA89775FE3F}.Metal|Any CPU.ActiveCfg = Release|x64
		{68C508F0-FF87-4B30-B44F-CCA89775FE3F}.Metal|Any CPU.Build.0 = Release|x64
		{68C508F0-FF87-4B30-B44F-CCA89775FE3F}.Metal|x64.ActiveCfg = Release|x64
		{68C508F0-FF87-4B30-B44F-CCA89775FE3F}.Metal|x64.Build.0 = Release|x64
		{68C508F0-FF87-4B30-B44F-CCA89775FE3F}.Metal|x86.ActiveCfg = Debug|Win32
		{68C508F0-FF87-4B30-B44F-CCA89775FE3F}.Metal|x86.Build.0 = Debug|Win32
		{68C508F0-FF87-4B30-B44F-CCA89775FE3F}.Release|Any CPU.ActiveCfg = Release|Win32
		{68C508F0-FF87-4B30-B44F-CCA89775FE3F}.Release|x64.ActiveCfg = Release|x64
		{68C508F0-FF87-4B30-B44F-CCA89775FE3F}.Release|x64.Build.0 = Release|x64
		{68C508F0-FF87-4B30-B44F-CCA89775FE3F}.Release|x86.ActiveCfg = Release|Win32
		{68C508F0-FF87-4B30-B44F-CCA89775FE3F}.Release|x86.Build.0 = Release|Win32
		{F1ABA954-99EF-4BFB-ABBC-E2310C7B6E32}.Debug|Any CPU.ActiveCfg = Debug|Win32
		{F1ABA954-99EF-4BFB-ABBC-E2310C7B6E32}.Debug|x64.ActiveCfg = Debug|x64
		{F1ABA954-99EF-4BFB-ABBC-E2310C7B6E32}.Debug|x64.Build.0 = Debug|x64
		{F1ABA954-99EF-4BFB-ABBC-E2310C7B6E32}.Debug|x86.ActiveCfg = Debug|Win32
		{F1ABA954-99EF-4BFB-ABBC-E2310C7B6E32}.Debug|x86.Build.0 = Debug|Win32
		{F1ABA954-99EF-4BFB-ABBC-E2310C7B6E32}.Metal|Any CPU.ActiveCfg = Release|x64
		{F1ABA954-99EF-4BFB-ABBC-E2310C7B6E32}.Metal|Any CPU.Build.0 = Release|x64
		{F1ABA954-99EF-4BFB-ABBC-E2310C7B6E32}.Metal|x64.ActiveCfg = Release|x64
		{F1ABA954-99EF-4BFB-ABBC-E2310C7B6E32}.Metal|x64.Build.0 = Release|x64
		{F1ABA954-99EF-4BFB-ABBC-E2310C7B6E32}.Metal|x86.ActiveCfg = Debug|Win32
		{F1ABA954-99EF-4BFB-ABBC-E2310C7B6E32}.Metal|x86.Build.0 = Debug|Win32
		{F1ABA954-99EF-4BFB-ABBC-E2310C7B6E32}.Release|Any CPU.ActiveCfg = Release|Win32
		{F1ABA954-99EF-4BFB-ABBC-E2310C7B6E32}.Release|x64.ActiveCfg = Release|x64
		{F1ABA954-99EF-4BFB-ABBC-E2310C7B6E32}.Release|x64.Build.0 = Release|x64
		{F1ABA954-99EF-4BFB-ABBC-E2310C7B6E32}.Release|x86.ActiveCfg = Release|Win32
		{F1ABA954-99EF-4BFB-ABBC-E2310C7B6E32}.Release|x86.Build.0 = Release|Win32
	EndGlobalSection
	GlobalSection(SolutionProperties) = preSolution
		HideSolutionNode = FALSE
	EndGlobalSection
	GlobalSection(NestedProjects) = preSolution
		{DF1595B2-35F4-4CC7-8155-15278302B317} = {52D1B538-E53C-4C98-A84F-E0E603184F0C}
		{BD280752-F7FC-40E5-8AAD-BE799883DF56} = {BD1CC94F-239F-4D2A-BFA1-A2501A832463}
		{642B5B53-9664-48E7-85C1-4C8E7D852443} = {F41F8B6E-8533-4993-824B-5DF166CF87E2}
		{6B6D5B34-15B8-460E-A462-F5FEA824E84B} = {B5F5B299-2E3E-4059-AB14-A8BD8F74A133}
		{451DF43A-391F-4DA0-A716-5AF578D26900} = {B5F5B299-2E3E-4059-AB14-A8BD8F74A133}
		{537516A2-8488-4162-919D-1D8CAF76E735} = {686C3F8D-5462-4844-9A87-C24261543438}
		{B5F5B299-2E3E-4059-AB14-A8BD8F74A133} = {70169FED-60CC-4F0C-9F9A-AD1499C019CF}
		{686C3F8D-5462-4844-9A87-C24261543438} = {70169FED-60CC-4F0C-9F9A-AD1499C019CF}
		{40681626-4054-4D47-82B5-93A83A8BB9D5} = {52D1B538-E53C-4C98-A84F-E0E603184F0C}
		{F41F8B6E-8533-4993-824B-5DF166CF87E2} = {52D1B538-E53C-4C98-A84F-E0E603184F0C}
		{8267BAF2-312C-4021-A7CD-E5A94C2BBDF5} = {F41F8B6E-8533-4993-824B-5DF166CF87E2}
		{68C508F0-FF87-4B30-B44F-CCA89775FE3F} = {F41F8B6E-8533-4993-824B-5DF166CF87E2}
		{F1ABA954-99EF-4BFB-ABBC-E2310C7B6E32} = {52D1B538-E53C-4C98-A84F-E0E603184F0C}
	EndGlobalSection
EndGlobal
