<?xml version="1.0" encoding="utf-8"?>
<Project ToolsVersion="4.0" xmlns="http://schemas.microsoft.com/developer/msbuild/2003">
  <ItemGroup>
    <Filter Include="Header Files">
      <UniqueIdentifier>{93995380-89BD-4b04-88EB-625FBE52EBFB}</UniqueIdentifier>
      <Extensions>h;hh;hpp;hxx;hm;inl;inc;xsd</Extensions>
    </Filter>
    <Filter Include="Resource Files">
      <UniqueIdentifier>{67DA6AB6-F800-4c08-8B7A-83BB121AAD01}</UniqueIdentifier>
      <Extensions>rc;ico;cur;bmp;dlg;rc2;rct;bin;rgs;gif;jpg;jpeg;jpe;resx;tiff;tif;png;wav;mfcribbon-ms</Extensions>
    </Filter>
    <Filter Include="Source Files">
      <UniqueIdentifier>{4FC737F1-C7A5-4376-A066-2A32D752A2FF}</UniqueIdentifier>
      <Extensions>cpp;c;cc;cxx;def;odl;idl;hpj;bat;asm;asmx</Extensions>
    </Filter>
  </ItemGroup>
  <ItemGroup>
    <ClCompile Include="Main.cpp">
      <Filter>Source Files</Filter>
    </ClCompile>
    <ClCompile Include="TextMode.cpp">
      <Filter>Source Files</Filter>
    </ClCompile>
    <ClCompile Include="Idt.cpp">
      <Filter>Source Files</Filter>
    </ClCompile>
    <ClCompile Include="Pic.cpp">
      <Filter>Source Files</Filter>
    </ClCompile>
    <ClCompile Include="Log.cpp">
      <Filter>Source Files</Filter>
    </ClCompile>
    <ClCompile Include="String.cpp">
      <Filter>Source Files</Filter>
    </ClCompile>
    <ClCompile Include="Pit.cpp">
      <Filter>Source Files</Filter>
    </ClCompile>
    <ClCompile Include="Bochs.cpp">
      <Filter>Source Files</Filter>
    </ClCompile>
    <ClCompile Include="Crash.cpp">
      <Filter>Source Files</Filter>
    </ClCompile>
    <ClCompile Include="Paging.cpp">
      <Filter>Source Files</Filter>
    </ClCompile>
    <ClCompile Include="MemoryAllocator.cpp">
      <Filter>Source Files</Filter>
    </ClCompile>
    <ClCompile Include="AtaPio.cpp">
      <Filter>Source Files</Filter>
    </ClCompile>
    <ClCompile Include="Floppy.cpp">
      <Filter>Source Files</Filter>
    </ClCompile>
    <ClCompile Include="Fat12.cpp">
      <Filter>Source Files</Filter>
    </ClCompile>
    <ClCompile Include="PortableExecutable.cpp">
      <Filter>Source Files</Filter>
    </ClCompile>
    <ClCompile Include="CoreMods.cpp">
      <Filter>Source Files</Filter>
    </ClCompile>
    <ClCompile Include="Task.cpp">
      <Filter>Source Files</Filter>
    </ClCompile>
    <ClCompile Include="Gdt.cpp">
      <Filter>Source Files</Filter>
    </ClCompile>
    <ClCompile Include="Syscalls.cpp">
      <Filter>Source Files</Filter>
    </ClCompile>
    <ClCompile Include="XtApi.cpp">
      <Filter>Source Files</Filter>
    </ClCompile>
    <ClCompile Include="File.cpp">
      <Filter>Source Files</Filter>
    </ClCompile>
    <ClCompile Include="Handle.cpp">
      <Filter>Source Files</Filter>
    </ClCompile>
    <ClCompile Include="ObjectManager.cpp">
      <Filter>Source Files</Filter>
    </ClCompile>
    <ClCompile Include="Device.cpp">
      <Filter>Source Files</Filter>
    </ClCompile>
    <ClCompile Include="Driver.cpp">
      <Filter>Source Files</Filter>
    </ClCompile>
    <ClCompile Include="NullDev.cpp">
      <Filter>Source Files</Filter>
    </ClCompile>
    <ClCompile Include="Io.cpp">
      <Filter>Source Files</Filter>
    </ClCompile>
    <ClCompile Include="Video.cpp">
      <Filter>Source Files</Filter>
    </ClCompile>
    <ClCompile Include="Random.cpp">
      <Filter>Source Files</Filter>
    </ClCompile>
    <ClCompile Include="Id.cpp">
      <Filter>Source Files</Filter>
    </ClCompile>
    <ClCompile Include="Cpuid.cpp">
      <Filter>Source Files</Filter>
    </ClCompile>
    <ClCompile Include="Utf8.cpp">
      <Filter>Source Files</Filter>
    </ClCompile>
    <ClCompile Include="Section.cpp">
      <Filter>Source Files</Filter>
    </ClCompile>
    <ClCompile Include="Stacktrace.cpp">
      <Filter>Source Files</Filter>
    </ClCompile>
    <ClCompile Include="Pdb.cpp">
      <Filter>Source Files</Filter>
    </ClCompile>
    <ClCompile Include="Ini.cpp">
      <Filter>Source Files</Filter>
    </ClCompile>
    <ClCompile Include="Init.cpp">
      <Filter>Source Files</Filter>
    </ClCompile>
    <ClCompile Include="IoResource.cpp">
      <Filter>Source Files</Filter>
    </ClCompile>
  </ItemGroup>
  <ItemGroup>
    <ClInclude Include="stdint.h">
      <Filter>Header Files</Filter>
    </ClInclude>
    <ClInclude Include="stddef.h">
      <Filter>Header Files</Filter>
    </ClInclude>
    <ClInclude Include="PortIO.h">
      <Filter>Header Files</Filter>
    </ClInclude>
    <ClInclude Include="TextMode.h">
      <Filter>Header Files</Filter>
    </ClInclude>
    <ClInclude Include="Pic.h">
      <Filter>Header Files</Filter>
    </ClInclude>
    <ClInclude Include="Idt.h">
      <Filter>Header Files</Filter>
    </ClInclude>
    <ClInclude Include="Log.h">
      <Filter>Header Files</Filter>
    </ClInclude>
    <ClInclude Include="string.h">
      <Filter>Header Files</Filter>
    </ClInclude>
    <ClInclude Include="Pit.h">
      <Filter>Header Files</Filter>
    </ClInclude>
    <ClInclude Include="Bochs.h">
      <Filter>Header Files</Filter>
    </ClInclude>
    <ClInclude Include="resource.h">
      <Filter>Header Files</Filter>
    </ClInclude>
    <ClInclude Include="Crash.h">
      <Filter>Header Files</Filter>
    </ClInclude>
    <ClInclude Include="DeclSpec.h">
      <Filter>Header Files</Filter>
    </ClInclude>
    <ClInclude Include="stdarg.h">
      <Filter>Header Files</Filter>
    </ClInclude>
    <ClInclude Include="vadefs.h">
      <Filter>Header Files</Filter>
    </ClInclude>
    <ClInclude Include="Paging.h">
      <Filter>Header Files</Filter>
    </ClInclude>
    <ClInclude Include="MemoryAllocator.h">
      <Filter>Header Files</Filter>
    </ClInclude>
    <ClInclude Include="Multiboot.h">
      <Filter>Header Files</Filter>
    </ClInclude>
    <ClInclude Include="Gdt.h">
      <Filter>Header Files</Filter>
    </ClInclude>
    <ClInclude Include="AtaPio.h">
      <Filter>Header Files</Filter>
    </ClInclude>
    <ClInclude Include="Floppy.h">
      <Filter>Header Files</Filter>
    </ClInclude>
    <ClInclude Include="Fat12.h">
      <Filter>Header Files</Filter>
    </ClInclude>
    <ClInclude Include="PortableExecutable.h">
      <Filter>Header Files</Filter>
    </ClInclude>
    <ClInclude Include="CoreMods.h">
      <Filter>Header Files</Filter>
    </ClInclude>
    <ClInclude Include="Task.h">
      <Filter>Header Files</Filter>
    </ClInclude>
    <ClInclude Include="Syscalls.h">
      <Filter>Header Files</Filter>
    </ClInclude>
    <ClInclude Include="XtApi.h">
      <Filter>Header Files</Filter>
    </ClInclude>
    <ClInclude Include="File.h">
      <Filter>Header Files</Filter>
    </ClInclude>
    <ClInclude Include="Handle.h">
      <Filter>Header Files</Filter>
    </ClInclude>
    <ClInclude Include="ObjectManager.h">
      <Filter>Header Files</Filter>
    </ClInclude>
    <ClInclude Include="Access.h">
      <Filter>Header Files</Filter>
    </ClInclude>
    <ClInclude Include="Driver.h">
      <Filter>Header Files</Filter>
    </ClInclude>
    <ClInclude Include="Device.h">
      <Filter>Header Files</Filter>
    </ClInclude>
    <ClInclude Include="NullDev.h">
      <Filter>Header Files</Filter>
    </ClInclude>
    <ClInclude Include="Io.h">
      <Filter>Header Files</Filter>
    </ClInclude>
    <ClInclude Include="Video.h">
      <Filter>Header Files</Filter>
    </ClInclude>
    <ClInclude Include="InternalFont.h">
      <Filter>Source Files</Filter>
    </ClInclude>
    <ClInclude Include="Colors.h">
      <Filter>Header Files</Filter>
    </ClInclude>
    <ClInclude Include="FastSyscalls.h">
      <Filter>Header Files</Filter>
    </ClInclude>
    <ClInclude Include="stdbool.h">
      <Filter>Header Files</Filter>
    </ClInclude>
    <ClInclude Include="SSE.h">
      <Filter>Header Files</Filter>
    </ClInclude>
    <ClInclude Include="Random.h">
      <Filter>Header Files</Filter>
    </ClInclude>
    <ClInclude Include="Id.h">
      <Filter>Header Files</Filter>
    </ClInclude>
    <ClInclude Include="Cpuid.h">
      <Filter>Header Files</Filter>
    </ClInclude>
    <ClInclude Include="Utf8.h">
      <Filter>Header Files</Filter>
    </ClInclude>
    <ClInclude Include="BitmapFont.h">
      <Filter>Header Files</Filter>
    </ClInclude>
    <ClInclude Include="Section.h">
      <Filter>Header Files</Filter>
    </ClInclude>
    <ClInclude Include="Stacktrace.h">
      <Filter>Header Files</Filter>
    </ClInclude>
    <ClInclude Include="x86.h">
      <Filter>Header Files</Filter>
    </ClInclude>
    <ClInclude Include="Pdb.h">
      <Filter>Header Files</Filter>
    </ClInclude>
    <ClInclude Include="resource1.h">
      <Filter>Header Files</Filter>
    </ClInclude>
    <ClInclude Include="Ini.h">
      <Filter>Header Files</Filter>
    </ClInclude>
    <ClInclude Include="Init.h">
      <Filter>Header Files</Filter>
    </ClInclude>
    <ClInclude Include="IoResource.h">
      <Filter>Header Files</Filter>
    </ClInclude>
    <ClInclude Include="sys\types.h">
      <Filter>Header Files</Filter>
    </ClInclude>
    <ClInclude Include="Status.h">
      <Filter>Header Files</Filter>
    </ClInclude>
  </ItemGroup>
  <ItemGroup>
    <MASM Include="InterruptStubs.asm">
      <Filter>Source Files</Filter>
    </MASM>
    <MASM Include="TaskSwitching.asm">
      <Filter>Source Files</Filter>
    </MASM>
    <MASM Include="Lgdt.asm">
      <Filter>Source Files</Filter>
    </MASM>
    <MASM Include="llshl.asm">
      <Filter>Source Files</Filter>
    </MASM>
  </ItemGroup>
  <ItemGroup>
    <ResourceCompile Include="Kernel.rc">
      <Filter>Resource Files</Filter>
    </ResourceCompile>
  </ItemGroup>
  <ItemGroup>
    <Image Include="icon.ico">
      <Filter>Resource Files</Filter>
    </Image>
  </ItemGroup>
  <ItemGroup>
    <NASM Include="Real.asm">
      <Filter>Source Files</Filter>
    </NASM>
    <NASM Include="SetVideo.asm">
      <Filter>Source Files</Filter>
    </NASM>
    <NASM Include="FastSyscalls.asm">
      <Filter>Source Files</Filter>
    </NASM>
    <NASM Include="SSE.asm">
      <Filter>Source Files</Filter>
    </NASM>
    <NASM Include="Entry.asm">
      <Filter>Source Files</Filter>
    </NASM>
  </ItemGroup>
</Project>